// !$*UTF8*$!
{
	archiveVersion = 1;
	classes = {
	};
	objectVersion = 46;
	objects = {

/* Begin PBXBuildFile section */
		A5271E7F1BACADDA00DD8734 /* 432.wav in Resources */ = {isa = PBXBuildFile; fileRef = A5271E7E1BACADDA00DD8734 /* 432.wav */; };
		A596A91B1BAC98A600588531 /* AppDelegate.swift in Sources */ = {isa = PBXBuildFile; fileRef = A596A91A1BAC98A600588531 /* AppDelegate.swift */; };
		A596A91D1BAC98A600588531 /* GameScene.sks in Resources */ = {isa = PBXBuildFile; fileRef = A596A91C1BAC98A600588531 /* GameScene.sks */; };
		A596A91F1BAC98A600588531 /* GameScene.swift in Sources */ = {isa = PBXBuildFile; fileRef = A596A91E1BAC98A600588531 /* GameScene.swift */; };
		A596A9211BAC98A600588531 /* GameViewController.swift in Sources */ = {isa = PBXBuildFile; fileRef = A596A9201BAC98A600588531 /* GameViewController.swift */; };
		A596A9241BAC98A600588531 /* Main.storyboard in Resources */ = {isa = PBXBuildFile; fileRef = A596A9221BAC98A600588531 /* Main.storyboard */; };
		A596A9261BAC98A600588531 /* Assets.xcassets in Resources */ = {isa = PBXBuildFile; fileRef = A596A9251BAC98A600588531 /* Assets.xcassets */; };
		A596A9291BAC98A600588531 /* LaunchScreen.storyboard in Resources */ = {isa = PBXBuildFile; fileRef = A596A9271BAC98A600588531 /* LaunchScreen.storyboard */; };
		A596A9341BAC98A600588531 /* SeptemberEighteenTests.swift in Sources */ = {isa = PBXBuildFile; fileRef = A596A9331BAC98A600588531 /* SeptemberEighteenTests.swift */; };
		A596A93F1BAC98A600588531 /* SeptemberEighteenUITests.swift in Sources */ = {isa = PBXBuildFile; fileRef = A596A93E1BAC98A600588531 /* SeptemberEighteenUITests.swift */; };
/* End PBXBuildFile section */

/* Begin PBXContainerItemProxy section */
		A596A9301BAC98A600588531 /* PBXContainerItemProxy */ = {
			isa = PBXContainerItemProxy;
			containerPortal = A596A90F1BAC98A600588531 /* Project object */;
			proxyType = 1;
			remoteGlobalIDString = A596A9161BAC98A600588531;
			remoteInfo = SeptemberEighteen;
		};
		A596A93B1BAC98A600588531 /* PBXContainerItemProxy */ = {
			isa = PBXContainerItemProxy;
			containerPortal = A596A90F1BAC98A600588531 /* Project object */;
			proxyType = 1;
			remoteGlobalIDString = A596A9161BAC98A600588531;
			remoteInfo = SeptemberEighteen;
		};
/* End PBXContainerItemProxy section */

/* Begin PBXFileReference section */
		A5271E7E1BACADDA00DD8734 /* 432.wav */ = {isa = PBXFileReference; lastKnownFileType = audio.wav; path = 432.wav; sourceTree = "<group>"; };
		A596A9171BAC98A600588531 /* SeptemberEighteen.app */ = {isa = PBXFileReference; explicitFileType = wrapper.application; includeInIndex = 0; path = SeptemberEighteen.app; sourceTree = BUILT_PRODUCTS_DIR; };
		A596A91A1BAC98A600588531 /* AppDelegate.swift */ = {isa = PBXFileReference; lastKnownFileType = sourcecode.swift; path = AppDelegate.swift; sourceTree = "<group>"; };
		A596A91C1BAC98A600588531 /* GameScene.sks */ = {isa = PBXFileReference; lastKnownFileType = file.sks; path = GameScene.sks; sourceTree = "<group>"; };
		A596A91E1BAC98A600588531 /* GameScene.swift */ = {isa = PBXFileReference; lastKnownFileType = sourcecode.swift; path = GameScene.swift; sourceTree = "<group>"; };
		A596A9201BAC98A600588531 /* GameViewController.swift */ = {isa = PBXFileReference; lastKnownFileType = sourcecode.swift; path = GameViewController.swift; sourceTree = "<group>"; };
		A596A9231BAC98A600588531 /* Base */ = {isa = PBXFileReference; lastKnownFileType = file.storyboard; name = Base; path = Base.lproj/Main.storyboard; sourceTree = "<group>"; };
		A596A9251BAC98A600588531 /* Assets.xcassets */ = {isa = PBXFileReference; lastKnownFileType = folder.assetcatalog; path = Assets.xcassets; sourceTree = "<group>"; };
		A596A9281BAC98A600588531 /* Base */ = {isa = PBXFileReference; lastKnownFileType = file.storyboard; name = Base; path = Base.lproj/LaunchScreen.storyboard; sourceTree = "<group>"; };
		A596A92A1BAC98A600588531 /* Info.plist */ = {isa = PBXFileReference; lastKnownFileType = text.plist.xml; path = Info.plist; sourceTree = "<group>"; };
		A596A92F1BAC98A600588531 /* SeptemberEighteenTests.xctest */ = {isa = PBXFileReference; explicitFileType = wrapper.cfbundle; includeInIndex = 0; path = SeptemberEighteenTests.xctest; sourceTree = BUILT_PRODUCTS_DIR; };
		A596A9331BAC98A600588531 /* SeptemberEighteenTests.swift */ = {isa = PBXFileReference; lastKnownFileType = sourcecode.swift; path = SeptemberEighteenTests.swift; sourceTree = "<group>"; };
		A596A9351BAC98A600588531 /* Info.plist */ = {isa = PBXFileReference; lastKnownFileType = text.plist.xml; path = Info.plist; sourceTree = "<group>"; };
		A596A93A1BAC98A600588531 /* SeptemberEighteenUITests.xctest */ = {isa = PBXFileReference; explicitFileType = wrapper.cfbundle; includeInIndex = 0; path = SeptemberEighteenUITests.xctest; sourceTree = BUILT_PRODUCTS_DIR; };
		A596A93E1BAC98A600588531 /* SeptemberEighteenUITests.swift */ = {isa = PBXFileReference; lastKnownFileType = sourcecode.swift; path = SeptemberEighteenUITests.swift; sourceTree = "<group>"; };
		A596A9401BAC98A600588531 /* Info.plist */ = {isa = PBXFileReference; lastKnownFileType = text.plist.xml; path = Info.plist; sourceTree = "<group>"; };
/* End PBXFileReference section */

/* Begin PBXFrameworksBuildPhase section */
		A596A9141BAC98A600588531 /* Frameworks */ = {
			isa = PBXFrameworksBuildPhase;
			buildActionMask = 2147483647;
			files = (
			);
			runOnlyForDeploymentPostprocessing = 0;
		};
		A596A92C1BAC98A600588531 /* Frameworks */ = {
			isa = PBXFrameworksBuildPhase;
			buildActionMask = 2147483647;
			files = (
			);
			runOnlyForDeploymentPostprocessing = 0;
		};
		A596A9371BAC98A600588531 /* Frameworks */ = {
			isa = PBXFrameworksBuildPhase;
			buildActionMask = 2147483647;
			files = (
			);
			runOnlyForDeploymentPostprocessing = 0;
		};
/* End PBXFrameworksBuildPhase section */

/* Begin PBXGroup section */
		A5271E7C1BACAA1F00DD8734 /* Assets */ = {
			isa = PBXGroup;
			children = (
				A5271E7E1BACADDA00DD8734 /* 432.wav */,
				A596A91C1BAC98A600588531 /* GameScene.sks */,
				A596A9221BAC98A600588531 /* Main.storyboard */,
				A596A9271BAC98A600588531 /* LaunchScreen.storyboard */,
				A596A9251BAC98A600588531 /* Assets.xcassets */,
			);
			name = Assets;
			sourceTree = "<group>";
		};
		A5271E7D1BACAA3100DD8734 /* Code */ = {
			isa = PBXGroup;
			children = (
				A596A91A1BAC98A600588531 /* AppDelegate.swift */,
				A596A91E1BAC98A600588531 /* GameScene.swift */,
				A596A9201BAC98A600588531 /* GameViewController.swift */,
			);
			name = Code;
			sourceTree = "<group>";
		};
		A596A90E1BAC98A600588531 = {
			isa = PBXGroup;
			children = (
				A596A9191BAC98A600588531 /* SeptemberEighteen */,
				A596A9321BAC98A600588531 /* SeptemberEighteenTests */,
				A596A93D1BAC98A600588531 /* SeptemberEighteenUITests */,
				A596A9181BAC98A600588531 /* Products */,
			);
			sourceTree = "<group>";
		};
		A596A9181BAC98A600588531 /* Products */ = {
			isa = PBXGroup;
			children = (
				A596A9171BAC98A600588531 /* SeptemberEighteen.app */,
				A596A92F1BAC98A600588531 /* SeptemberEighteenTests.xctest */,
				A596A93A1BAC98A600588531 /* SeptemberEighteenUITests.xctest */,
			);
			name = Products;
			sourceTree = "<group>";
		};
		A596A9191BAC98A600588531 /* SeptemberEighteen */ = {
			isa = PBXGroup;
			children = (
				A5271E7D1BACAA3100DD8734 /* Code */,
				A5271E7C1BACAA1F00DD8734 /* Assets */,
				A596A92A1BAC98A600588531 /* Info.plist */,
			);
			path = SeptemberEighteen;
			sourceTree = "<group>";
		};
		A596A9321BAC98A600588531 /* SeptemberEighteenTests */ = {
			isa = PBXGroup;
			children = (
				A596A9331BAC98A600588531 /* SeptemberEighteenTests.swift */,
				A596A9351BAC98A600588531 /* Info.plist */,
			);
			path = SeptemberEighteenTests;
			sourceTree = "<group>";
		};
		A596A93D1BAC98A600588531 /* SeptemberEighteenUITests */ = {
			isa = PBXGroup;
			children = (
				A596A93E1BAC98A600588531 /* SeptemberEighteenUITests.swift */,
				A596A9401BAC98A600588531 /* Info.plist */,
			);
			path = SeptemberEighteenUITests;
			sourceTree = "<group>";
		};
/* End PBXGroup section */

/* Begin PBXNativeTarget section */
		A596A9161BAC98A600588531 /* SeptemberEighteen */ = {
			isa = PBXNativeTarget;
			buildConfigurationList = A596A9431BAC98A600588531 /* Build configuration list for PBXNativeTarget "SeptemberEighteen" */;
			buildPhases = (
				A596A9131BAC98A600588531 /* Sources */,
				A596A9141BAC98A600588531 /* Frameworks */,
				A596A9151BAC98A600588531 /* Resources */,
			);
			buildRules = (
			);
			dependencies = (
			);
			name = SeptemberEighteen;
			productName = SeptemberEighteen;
			productReference = A596A9171BAC98A600588531 /* SeptemberEighteen.app */;
			productType = "com.apple.product-type.application";
		};
		A596A92E1BAC98A600588531 /* SeptemberEighteenTests */ = {
			isa = PBXNativeTarget;
			buildConfigurationList = A596A9461BAC98A600588531 /* Build configuration list for PBXNativeTarget "SeptemberEighteenTests" */;
			buildPhases = (
				A596A92B1BAC98A600588531 /* Sources */,
				A596A92C1BAC98A600588531 /* Frameworks */,
				A596A92D1BAC98A600588531 /* Resources */,
			);
			buildRules = (
			);
			dependencies = (
				A596A9311BAC98A600588531 /* PBXTargetDependency */,
			);
			name = SeptemberEighteenTests;
			productName = SeptemberEighteenTests;
			productReference = A596A92F1BAC98A600588531 /* SeptemberEighteenTests.xctest */;
			productType = "com.apple.product-type.bundle.unit-test";
		};
		A596A9391BAC98A600588531 /* SeptemberEighteenUITests */ = {
			isa = PBXNativeTarget;
			buildConfigurationList = A596A9491BAC98A600588531 /* Build configuration list for PBXNativeTarget "SeptemberEighteenUITests" */;
			buildPhases = (
				A596A9361BAC98A600588531 /* Sources */,
				A596A9371BAC98A600588531 /* Frameworks */,
				A596A9381BAC98A600588531 /* Resources */,
			);
			buildRules = (
			);
			dependencies = (
				A596A93C1BAC98A600588531 /* PBXTargetDependency */,
			);
			name = SeptemberEighteenUITests;
			productName = SeptemberEighteenUITests;
			productReference = A596A93A1BAC98A600588531 /* SeptemberEighteenUITests.xctest */;
			productType = "com.apple.product-type.bundle.ui-testing";
		};
/* End PBXNativeTarget section */

/* Begin PBXProject section */
		A596A90F1BAC98A600588531 /* Project object */ = {
			isa = PBXProject;
			attributes = {
				LastUpgradeCheck = 0710;
				ORGANIZATIONNAME = ZweiGraf;
				TargetAttributes = {
					A596A9161BAC98A600588531 = {
						CreatedOnToolsVersion = 7.1;
					};
					A596A92E1BAC98A600588531 = {
						CreatedOnToolsVersion = 7.1;
						TestTargetID = A596A9161BAC98A600588531;
					};
					A596A9391BAC98A600588531 = {
						CreatedOnToolsVersion = 7.1;
						TestTargetID = A596A9161BAC98A600588531;
					};
				};
			};
			buildConfigurationList = A596A9121BAC98A600588531 /* Build configuration list for PBXProject "SeptemberEighteen" */;
			compatibilityVersion = "Xcode 3.2";
			developmentRegion = English;
			hasScannedForEncodings = 0;
			knownRegions = (
				en,
				Base,
			);
			mainGroup = A596A90E1BAC98A600588531;
			productRefGroup = A596A9181BAC98A600588531 /* Products */;
			projectDirPath = "";
			projectRoot = "";
			targets = (
				A596A9161BAC98A600588531 /* SeptemberEighteen */,
				A596A92E1BAC98A600588531 /* SeptemberEighteenTests */,
				A596A9391BAC98A600588531 /* SeptemberEighteenUITests */,
			);
		};
/* End PBXProject section */

/* Begin PBXResourcesBuildPhase section */
		A596A9151BAC98A600588531 /* Resources */ = {
			isa = PBXResourcesBuildPhase;
			buildActionMask = 2147483647;
			files = (
				A596A91D1BAC98A600588531 /* GameScene.sks in Resources */,
				A596A9291BAC98A600588531 /* LaunchScreen.storyboard in Resources */,
				A596A9261BAC98A600588531 /* Assets.xcassets in Resources */,
				A596A9241BAC98A600588531 /* Main.storyboard in Resources */,
				A5271E7F1BACADDA00DD8734 /* 432.wav in Resources */,
			);
			runOnlyForDeploymentPostprocessing = 0;
		};
		A596A92D1BAC98A600588531 /* Resources */ = {
			isa = PBXResourcesBuildPhase;
			buildActionMask = 2147483647;
			files = (
			);
			runOnlyForDeploymentPostprocessing = 0;
		};
		A596A9381BAC98A600588531 /* Resources */ = {
			isa = PBXResourcesBuildPhase;
			buildActionMask = 2147483647;
			files = (
			);
			runOnlyForDeploymentPostprocessing = 0;
		};
/* End PBXResourcesBuildPhase section */

/* Begin PBXSourcesBuildPhase section */
		A596A9131BAC98A600588531 /* Sources */ = {
			isa = PBXSourcesBuildPhase;
			buildActionMask = 2147483647;
			files = (
				A596A91F1BAC98A600588531 /* GameScene.swift in Sources */,
				A596A9211BAC98A600588531 /* GameViewController.swift in Sources */,
				A596A91B1BAC98A600588531 /* AppDelegate.swift in Sources */,
			);
			runOnlyForDeploymentPostprocessing = 0;
		};
		A596A92B1BAC98A600588531 /* Sources */ = {
			isa = PBXSourcesBuildPhase;
			buildActionMask = 2147483647;
			files = (
				A596A9341BAC98A600588531 /* SeptemberEighteenTests.swift in Sources */,
			);
			runOnlyForDeploymentPostprocessing = 0;
		};
		A596A9361BAC98A600588531 /* Sources */ = {
			isa = PBXSourcesBuildPhase;
			buildActionMask = 2147483647;
			files = (
				A596A93F1BAC98A600588531 /* SeptemberEighteenUITests.swift in Sources */,
			);
			runOnlyForDeploymentPostprocessing = 0;
		};
/* End PBXSourcesBuildPhase section */

/* Begin PBXTargetDependency section */
		A596A9311BAC98A600588531 /* PBXTargetDependency */ = {
			isa = PBXTargetDependency;
			target = A596A9161BAC98A600588531 /* SeptemberEighteen */;
			targetProxy = A596A9301BAC98A600588531 /* PBXContainerItemProxy */;
		};
		A596A93C1BAC98A600588531 /* PBXTargetDependency */ = {
			isa = PBXTargetDependency;
			target = A596A9161BAC98A600588531 /* SeptemberEighteen */;
			targetProxy = A596A93B1BAC98A600588531 /* PBXContainerItemProxy */;
		};
/* End PBXTargetDependency section */

/* Begin PBXVariantGroup section */
		A596A9221BAC98A600588531 /* Main.storyboard */ = {
			isa = PBXVariantGroup;
			children = (
				A596A9231BAC98A600588531 /* Base */,
			);
			name = Main.storyboard;
			sourceTree = "<group>";
		};
		A596A9271BAC98A600588531 /* LaunchScreen.storyboard */ = {
			isa = PBXVariantGroup;
			children = (
				A596A9281BAC98A600588531 /* Base */,
			);
			name = LaunchScreen.storyboard;
			sourceTree = "<group>";
		};
/* End PBXVariantGroup section */

/* Begin XCBuildConfiguration section */
		A596A9411BAC98A600588531 /* Debug */ = {
			isa = XCBuildConfiguration;
			buildSettings = {
				ALWAYS_SEARCH_USER_PATHS = NO;
				CLANG_CXX_LANGUAGE_STANDARD = "gnu++0x";
				CLANG_CXX_LIBRARY = "libc++";
				CLANG_ENABLE_MODULES = YES;
				CLANG_ENABLE_OBJC_ARC = YES;
				CLANG_WARN_BOOL_CONVERSION = YES;
				CLANG_WARN_CONSTANT_CONVERSION = YES;
				CLANG_WARN_DIRECT_OBJC_ISA_USAGE = YES_ERROR;
				CLANG_WARN_EMPTY_BODY = YES;
				CLANG_WARN_ENUM_CONVERSION = YES;
				CLANG_WARN_INT_CONVERSION = YES;
				CLANG_WARN_OBJC_ROOT_CLASS = YES_ERROR;
				CLANG_WARN_UNREACHABLE_CODE = YES;
				CLANG_WARN__DUPLICATE_METHOD_MATCH = YES;
				"CODE_SIGN_IDENTITY[sdk=iphoneos*]" = "iPhone Developer";
				COPY_PHASE_STRIP = NO;
				DEBUG_INFORMATION_FORMAT = "dwarf-with-dsym";
				ENABLE_STRICT_OBJC_MSGSEND = YES;
				ENABLE_TESTABILITY = YES;
				GCC_C_LANGUAGE_STANDARD = gnu99;
				GCC_DYNAMIC_NO_PIC = NO;
				GCC_NO_COMMON_BLOCKS = YES;
				GCC_OPTIMIZATION_LEVEL = 0;
				GCC_PREPROCESSOR_DEFINITIONS = (
					"DEBUG=1",
					"$(inherited)",
				);
				GCC_WARN_64_TO_32_BIT_CONVERSION = YES;
				GCC_WARN_ABOUT_RETURN_TYPE = YES_ERROR;
				GCC_WARN_UNDECLARED_SELECTOR = YES;
				GCC_WARN_UNINITIALIZED_AUTOS = YES_AGGRESSIVE;
				GCC_WARN_UNUSED_FUNCTION = YES;
				GCC_WARN_UNUSED_VARIABLE = YES;
				IPHONEOS_DEPLOYMENT_TARGET = 9.1;
				MTL_ENABLE_DEBUG_INFO = YES;
				ONLY_ACTIVE_ARCH = YES;
				SDKROOT = iphoneos;
				SWIFT_OPTIMIZATION_LEVEL = "-Onone";
				TARGETED_DEVICE_FAMILY = "1,2";
			};
			name = Debug;
		};
		A596A9421BAC98A600588531 /* Release */ = {
			isa = XCBuildConfiguration;
			buildSettings = {
				ALWAYS_SEARCH_USER_PATHS = NO;
				CLANG_CXX_LANGUAGE_STANDARD = "gnu++0x";
				CLANG_CXX_LIBRARY = "libc++";
				CLANG_ENABLE_MODULES = YES;
				CLANG_ENABLE_OBJC_ARC = YES;
				CLANG_WARN_BOOL_CONVERSION = YES;
				CLANG_WARN_CONSTANT_CONVERSION = YES;
				CLANG_WARN_DIRECT_OBJC_ISA_USAGE = YES_ERROR;
				CLANG_WARN_EMPTY_BODY = YES;
				CLANG_WARN_ENUM_CONVERSION = YES;
				CLANG_WARN_INT_CONVERSION = YES;
				CLANG_WARN_OBJC_ROOT_CLASS = YES_ERROR;
				CLANG_WARN_UNREACHABLE_CODE = YES;
				CLANG_WARN__DUPLICATE_METHOD_MATCH = YES;
				"CODE_SIGN_IDENTITY[sdk=iphoneos*]" = "iPhone Developer";
				COPY_PHASE_STRIP = NO;
				DEBUG_INFORMATION_FORMAT = "dwarf-with-dsym";
				ENABLE_NS_ASSERTIONS = NO;
				ENABLE_STRICT_OBJC_MSGSEND = YES;
				GCC_C_LANGUAGE_STANDARD = gnu99;
				GCC_NO_COMMON_BLOCKS = YES;
				GCC_WARN_64_TO_32_BIT_CONVERSION = YES;
				GCC_WARN_ABOUT_RETURN_TYPE = YES_ERROR;
				GCC_WARN_UNDECLARED_SELECTOR = YES;
				GCC_WARN_UNINITIALIZED_AUTOS = YES_AGGRESSIVE;
				GCC_WARN_UNUSED_FUNCTION = YES;
				GCC_WARN_UNUSED_VARIABLE = YES;
				IPHONEOS_DEPLOYMENT_TARGET = 9.1;
				MTL_ENABLE_DEBUG_INFO = NO;
				SDKROOT = iphoneos;
				TARGETED_DEVICE_FAMILY = "1,2";
				VALIDATE_PRODUCT = YES;
			};
			name = Release;
		};
		A596A9441BAC98A600588531 /* Debug */ = {
			isa = XCBuildConfiguration;
			buildSettings = {
				ASSETCATALOG_COMPILER_APPICON_NAME = AppIcon;
				INFOPLIST_FILE = SeptemberEighteen/Info.plist;
				IPHONEOS_DEPLOYMENT_TARGET = 9.0;
				LD_RUNPATH_SEARCH_PATHS = "$(inherited) @executable_path/Frameworks";
				PRODUCT_BUNDLE_IDENTIFIER = com.zweigraf.SeptemberEighteen;
				PRODUCT_NAME = "$(TARGET_NAME)";
			};
			name = Debug;
		};
		A596A9451BAC98A600588531 /* Release */ = {
			isa = XCBuildConfiguration;
			buildSettings = {
				ASSETCATALOG_COMPILER_APPICON_NAME = AppIcon;
				INFOPLIST_FILE = SeptemberEighteen/Info.plist;
				IPHONEOS_DEPLOYMENT_TARGET = 9.0;
				LD_RUNPATH_SEARCH_PATHS = "$(inherited) @executable_path/Frameworks";
				PRODUCT_BUNDLE_IDENTIFIER = com.zweigraf.SeptemberEighteen;
				PRODUCT_NAME = "$(TARGET_NAME)";
			};
			name = Release;
		};
		A596A9471BAC98A600588531 /* Debug */ = {
			isa = XCBuildConfiguration;
			buildSettings = {
				BUNDLE_LOADER = "$(TEST_HOST)";
				DEBUG_INFORMATION_FORMAT = dwarf;
				INFOPLIST_FILE = SeptemberEighteenTests/Info.plist;
				LD_RUNPATH_SEARCH_PATHS = "$(inherited) @executable_path/Frameworks @loader_path/Frameworks";
				PRODUCT_BUNDLE_IDENTIFIER = com.zweigraf.SeptemberEighteenTests;
				PRODUCT_NAME = "$(TARGET_NAME)";
				TEST_HOST = "$(BUILT_PRODUCTS_DIR)/SeptemberEighteen.app/SeptemberEighteen";
			};
			name = Debug;
		};
		A596A9481BAC98A600588531 /* Release */ = {
			isa = XCBuildConfiguration;
			buildSettings = {
				BUNDLE_LOADER = "$(TEST_HOST)";
				INFOPLIST_FILE = SeptemberEighteenTests/Info.plist;
				LD_RUNPATH_SEARCH_PATHS = "$(inherited) @executable_path/Frameworks @loader_path/Frameworks";
				PRODUCT_BUNDLE_IDENTIFIER = com.zweigraf.SeptemberEighteenTests;
				PRODUCT_NAME = "$(TARGET_NAME)";
				TEST_HOST = "$(BUILT_PRODUCTS_DIR)/SeptemberEighteen.app/SeptemberEighteen";
			};
			name = Release;
		};
		A596A94A1BAC98A600588531 /* Debug */ = {
			isa = XCBuildConfiguration;
			buildSettings = {
				DEBUG_INFORMATION_FORMAT = dwarf;
				INFOPLIST_FILE = SeptemberEighteenUITests/Info.plist;
				LD_RUNPATH_SEARCH_PATHS = "$(inherited) @executable_path/Frameworks @loader_path/Frameworks";
				PRODUCT_BUNDLE_IDENTIFIER = com.zweigraf.SeptemberEighteenUITests;
				PRODUCT_NAME = "$(TARGET_NAME)";
				TEST_TARGET_NAME = SeptemberEighteen;
				USES_XCTRUNNER = YES;
			};
			name = Debug;
		};
		A596A94B1BAC98A600588531 /* Release */ = {
			isa = XCBuildConfiguration;
			buildSettings = {
				INFOPLIST_FILE = SeptemberEighteenUITests/Info.plist;
				LD_RUNPATH_SEARCH_PATHS = "$(inherited) @executable_path/Frameworks @loader_path/Frameworks";
				PRODUCT_BUNDLE_IDENTIFIER = com.zweigraf.SeptemberEighteenUITests;
				PRODUCT_NAME = "$(TARGET_NAME)";
				TEST_TARGET_NAME = SeptemberEighteen;
				USES_XCTRUNNER = YES;
			};
			name = Release;
		};
/* End XCBuildConfiguration section */

/* Begin XCConfigurationList section */
		A596A9121BAC98A600588531 /* Build configuration list for PBXProject "SeptemberEighteen" */ = {
			isa = XCConfigurationList;
			buildConfigurations = (
				A596A9411BAC98A600588531 /* Debug */,
				A596A9421BAC98A600588531 /* Release */,
			);
			defaultConfigurationIsVisible = 0;
			defaultConfigurationName = Release;
		};
		A596A9431BAC98A600588531 /* Build configuration list for PBXNativeTarget "SeptemberEighteen" */ = {
			isa = XCConfigurationList;
			buildConfigurations = (
				A596A9441BAC98A600588531 /* Debug */,
				A596A9451BAC98A600588531 /* Release */,
			);
			defaultConfigurationIsVisible = 0;
			defaultConfigurationName = Release;
		};
		A596A9461BAC98A600588531 /* Build configuration list for PBXNativeTarget "SeptemberEighteenTests" */ = {
			isa = XCConfigurationList;
			buildConfigurations = (
				A596A9471BAC98A600588531 /* Debug */,
				A596A9481BAC98A600588531 /* Release */,
			);
			defaultConfigurationIsVisible = 0;
			defaultConfigurationName = Release;
		};
		A596A9491BAC98A600588531 /* Build configuration list for PBXNativeTarget "SeptemberEighteenUITests" */ = {
			isa = XCConfigurationList;
			buildConfigurations = (
				A596A94A1BAC98A600588531 /* Debug */,
				A596A94B1BAC98A600588531 /* Release */,
			);
			defaultConfigurationIsVisible = 0;
			defaultConfigurationName = Release;
		};
/* End XCConfigurationList section */
	};
	rootObject = A596A90F1BAC98A600588531 /* Project object */;
}
